
Microsoft Visual Studio Solution File, Format Version 12.00
# Visual Studio Version 17
VisualStudioVersion = 17.10.35027.167
MinimumVisualStudioVersion = 10.0.40219.1
Project("{FAE04EC0-301F-11D3-BF4B-00C04F79EFBC}") = "pacientes", "pacientes.csproj", "{A2C2D796-FBA1-4FFC-A7F1-D8F82DBD87D6}"
EndProject
Global
	GlobalSection(SolutionConfigurationPlatforms) = preSolution
		Debug|Any CPU = Debug|Any CPU
		Release|Any CPU = Release|Any CPU
	EndGlobalSection
	GlobalSection(ProjectConfigurationPlatforms) = postSolution
		{A2C2D796-FBA1-4FFC-A7F1-D8F82DBD87D6}.Debug|Any CPU.ActiveCfg = Debug|Any CPU
		{A2C2D796-FBA1-4FFC-A7F1-D8F82DBD87D6}.Debug|Any CPU.Build.0 = Debug|Any CPU
		{A2C2D796-FBA1-4FFC-A7F1-D8F82DBD87D6}.Release|Any CPU.ActiveCfg = Release|Any CPU
		{A2C2D796-FBA1-4FFC-A7F1-D8F82DBD87D6}.Release|Any CPU.Build.0 = Release|Any CPU
	EndGlobalSection
	GlobalSection(SolutionProperties) = preSolution
		HideSolutionNode = FALSE
	EndGlobalSection
	GlobalSection(ExtensibilityGlobals) = postSolution
		SolutionGuid = {3EA3E73B-58E1-4EB0-BECA-AC4E47C55FD5}
	EndGlobalSection
EndGlobal
